
Microsoft Visual Studio Solution File, Format Version 12.00
# Visual Studio Version 16
VisualStudioVersion = 16.0.31019.35
MinimumVisualStudioVersion = 10.0.40219.1
Project("{888888A0-9F3D-457C-B088-3A5042F75D52}") = "Python Class Work", "Python Class Work.pyproj", "{6506EF63-E0D7-4873-B40F-5EFF7D48997E}"
EndProject
Global
	GlobalSection(SolutionConfigurationPlatforms) = preSolution
		Debug|Any CPU = Debug|Any CPU
		Release|Any CPU = Release|Any CPU
	EndGlobalSection
	GlobalSection(ProjectConfigurationPlatforms) = postSolution
		{6506EF63-E0D7-4873-B40F-5EFF7D48997E}.Debug|Any CPU.ActiveCfg = Debug|Any CPU
		{6506EF63-E0D7-4873-B40F-5EFF7D48997E}.Release|Any CPU.ActiveCfg = Release|Any CPU
	EndGlobalSection
	GlobalSection(SolutionProperties) = preSolution
		HideSolutionNode = FALSE
	EndGlobalSection
	GlobalSection(ExtensibilityGlobals) = postSolution
		SolutionGuid = {2D3D215D-E435-49F3-A626-6273680F16CB}
	EndGlobalSection
EndGlobal
